# This file is automatically @generated by Cargo.
# It is not intended for manual editing.
version = 4

[[package]]
name = "sidebundle-cli"
version = "0.1.0"
dependencies = [
 "sidebundle-closure",
 "sidebundle-core",
 "sidebundle-packager",
]

[[package]]
name = "sidebundle-closure"
version = "0.1.0"
dependencies = [
 "sidebundle-core",
]

[[package]]
name = "sidebundle-core"
version = "0.1.0"

[[package]]
name = "sidebundle-packager"
version = "0.1.0"
dependencies = [
 "sidebundle-core",
]
